Microsoft Visual Studio Solution File, Format Version 12.00
# Visual Studio 15
VisualStudioVersion = 15.0.28307.572
MinimumVisualStudioVersion = 10.0.40219.1
Project("{9A19103F-16F7-4668-BE54-9A1E7A4F7556}") = "GuerillaProgrammer.AzDemo.Api", "GuerillaProgrammer.AzDemo.Api\GuerillaProgrammer.AzDemo.Api.csproj", "{F174E8EE-227B-411E-B168-8B2CEECC693E}"
EndProject
Project("{FAE04EC0-301F-11D3-BF4B-00C04F79EFBC}") = "GuerillaProgrammer.AzDemo.Web", "GuerillaProgrammer.AzDemo.Web\GuerillaProgrammer.AzDemo.Web.csproj", "{DD441724-C504-457C-9C63-A105CFF8E515}"
EndProject
Global
	GlobalSection(SolutionConfigurationPlatforms) = preSolution
		Debug|Any CPU = Debug|Any CPU
		Release|Any CPU = Release|Any CPU
	EndGlobalSection
	GlobalSection(ProjectConfigurationPlatforms) = postSolution
		{F174E8EE-227B-411E-B168-8B2CEECC693E}.Debug|Any CPU.ActiveCfg = Debug|Any CPU
		{F174E8EE-227B-411E-B168-8B2CEECC693E}.Debug|Any CPU.Build.0 = Debug|Any CPU
		{F174E8EE-227B-411E-B168-8B2CEECC693E}.Release|Any CPU.ActiveCfg = Release|Any CPU
		{F174E8EE-227B-411E-B168-8B2CEECC693E}.Release|Any CPU.Build.0 = Release|Any CPU
		{DD441724-C504-457C-9C63-A105CFF8E515}.Debug|Any CPU.ActiveCfg = Debug|Any CPU
		{DD441724-C504-457C-9C63-A105CFF8E515}.Debug|Any CPU.Build.0 = Debug|Any CPU
		{DD441724-C504-457C-9C63-A105CFF8E515}.Release|Any CPU.ActiveCfg = Release|Any CPU
		{DD441724-C504-457C-9C63-A105CFF8E515}.Release|Any CPU.Build.0 = Release|Any CPU
	EndGlobalSection
	GlobalSection(SolutionProperties) = preSolution
		HideSolutionNode = FALSE
	EndGlobalSection
	GlobalSection(ExtensibilityGlobals) = postSolution
		SolutionGuid = {0C8243EE-5D2E-4AEB-A04B-20DBD8D7E206}
	EndGlobalSection
EndGlobal
